
Microsoft Visual Studio Solution File, Format Version 12.00
# Visual Studio 15
VisualStudioVersion = 15.0.28307.572
MinimumVisualStudioVersion = 10.0.40219.1
Project("{FAE04EC0-301F-11D3-BF4B-00C04F79EFBC}") = "aspdotnet-devops", "aspdotnet-devops\aspdotnet-devops.csproj", "{910CBD23-5959-48E5-A840-F4055E28E579}"
EndProject
Global
	GlobalSection(SolutionConfigurationPlatforms) = preSolution
		Debug|Any CPU = Debug|Any CPU
		Release|Any CPU = Release|Any CPU
	EndGlobalSection
	GlobalSection(ProjectConfigurationPlatforms) = postSolution
		{910CBD23-5959-48E5-A840-F4055E28E579}.Debug|Any CPU.ActiveCfg = Debug|Any CPU
		{910CBD23-5959-48E5-A840-F4055E28E579}.Debug|Any CPU.Build.0 = Debug|Any CPU
		{910CBD23-5959-48E5-A840-F4055E28E579}.Release|Any CPU.ActiveCfg = Release|Any CPU
		{910CBD23-5959-48E5-A840-F4055E28E579}.Release|Any CPU.Build.0 = Release|Any CPU
	EndGlobalSection
	GlobalSection(SolutionProperties) = preSolution
		HideSolutionNode = FALSE
	EndGlobalSection
	GlobalSection(ExtensibilityGlobals) = postSolution
		SolutionGuid = {5177A603-4DF3-4E53-8382-60CE5AC327E3}
	EndGlobalSection
EndGlobal
